// !$*UTF8*$!
{
	archiveVersion = 1;
	classes = {
	};
	objectVersion = 56;
	objects = {

/* Begin PBXBuildFile section */
		3C0410062B93D4BD00389A16 /* AppLanguageView.swift in Sources */ = {isa = PBXBuildFile; fileRef = 3C0410052B93D4BD00389A16 /* AppLanguageView.swift */; };
		3C0C6B2E2B38F309006D3F41 /* AboutTableView.swift in Sources */ = {isa = PBXBuildFile; fileRef = 3C0C6B2D2B38F309006D3F41 /* AboutTableView.swift */; };
		3C0C6B302B38F35F006D3F41 /* AboutTableViewRepresentable.swift in Sources */ = {isa = PBXBuildFile; fileRef = 3C0C6B2F2B38F35F006D3F41 /* AboutTableViewRepresentable.swift */; };
		3C0C6B322B38F944006D3F41 /* ActionTipTarget.swift in Sources */ = {isa = PBXBuildFile; fileRef = 3C0C6B312B38F944006D3F41 /* ActionTipTarget.swift */; };
		3C0C6B342B39108B006D3F41 /* ErrorCellView.swift in Sources */ = {isa = PBXBuildFile; fileRef = 3C0C6B332B39108B006D3F41 /* ErrorCellView.swift */; };
		3C26AD802BA6775E0022BABD /* WHOISView.swift in Sources */ = {isa = PBXBuildFile; fileRef = 3C26AD7F2BA6775E0022BABD /* WHOISView.swift */; };
		3C343D432ADE1B2E00C282D0 /* DNSMessageView.swift in Sources */ = {isa = PBXBuildFile; fileRef = 3C343D422ADE1B2E00C282D0 /* DNSMessageView.swift */; };
		3C599C1F2C818467003BFC68 /* RecordViewHTTPS.swift in Sources */ = {isa = PBXBuildFile; fileRef = 3C599C1E2C818467003BFC68 /* RecordViewHTTPS.swift */; };
		3C61432E2BA7B179006A8B14 /* View+Destination.swift in Sources */ = {isa = PBXBuildFile; fileRef = 3C61432D2BA7B179006A8B14 /* View+Destination.swift */; };
		3C62351D2CD6FA3D00387F6E /* FullScreenTextView.swift in Sources */ = {isa = PBXBuildFile; fileRef = 3C62351C2CD6FA3500387F6E /* FullScreenTextView.swift */; };
		3C6CCD5A2B3BAC4700A3B6F2 /* Globals.swift in Sources */ = {isa = PBXBuildFile; fileRef = 3C6CCD592B3BAC4700A3B6F2 /* Globals.swift */; };
		3C6CCD5D2B3BB5C700A3B6F2 /* Localization.swift in Sources */ = {isa = PBXBuildFile; fileRef = 3C6CCD5C2B3BB5C700A3B6F2 /* Localization.swift */; };
		3C6CCD5F2B3BB66000A3B6F2 /* Localization+SwiftUI.swift in Sources */ = {isa = PBXBuildFile; fileRef = 3C6CCD5E2B3BB66000A3B6F2 /* Localization+SwiftUI.swift */; };
		3C6CCD632B3BB75800A3B6F2 /* en.plist in Resources */ = {isa = PBXBuildFile; fileRef = 3C6CCD622B3BB75800A3B6F2 /* en.plist */; };
		3C7BD1C02C387A21004C2ECF /* LogWriter.swift in Sources */ = {isa = PBXBuildFile; fileRef = 3C7BD1BF2C387A21004C2ECF /* LogWriter.swift */; };
		3C7BD1C42C38A955004C2ECF /* RecordViewA.swift in Sources */ = {isa = PBXBuildFile; fileRef = 3C7BD1C32C38A955004C2ECF /* RecordViewA.swift */; };
		3C7BD1C62C38A95C004C2ECF /* RecordViewAAAA.swift in Sources */ = {isa = PBXBuildFile; fileRef = 3C7BD1C52C38A95C004C2ECF /* RecordViewAAAA.swift */; };
		3C7BD1C82C38A965004C2ECF /* RecordViewBasicName.swift in Sources */ = {isa = PBXBuildFile; fileRef = 3C7BD1C72C38A965004C2ECF /* RecordViewBasicName.swift */; };
		3C7BD1CE2C38AB05004C2ECF /* RecordViewTXT.swift in Sources */ = {isa = PBXBuildFile; fileRef = 3C7BD1CD2C38AB05004C2ECF /* RecordViewTXT.swift */; };
		3C7BD1D02C38AB26004C2ECF /* RecordViewMX.swift in Sources */ = {isa = PBXBuildFile; fileRef = 3C7BD1CF2C38AB26004C2ECF /* RecordViewMX.swift */; };
		3C9AA7C52AF1E45B00B072FA /* DNSAnswerView.swift in Sources */ = {isa = PBXBuildFile; fileRef = 3C9AA7C42AF1E45B00B072FA /* DNSAnswerView.swift */; };
		3C9AA7C72AF1E94100B072FA /* View+RoundedCorners.swift in Sources */ = {isa = PBXBuildFile; fileRef = 3C9AA7C62AF1E94100B072FA /* View+RoundedCorners.swift */; };
		3C9AA7C92AF1F43F00B072FA /* DNSQuestionView.swift in Sources */ = {isa = PBXBuildFile; fileRef = 3C9AA7C82AF1F43F00B072FA /* DNSQuestionView.swift */; };
		3C9AA7CB2AF1FCF400B072FA /* RecentQuery.swift in Sources */ = {isa = PBXBuildFile; fileRef = 3C9AA7CA2AF1FCF400B072FA /* RecentQuery.swift */; };
		3C9AA7CE2AF2082100B072FA /* AppInfo.swift in Sources */ = {isa = PBXBuildFile; fileRef = 3C9AA7CD2AF2082100B072FA /* AppInfo.swift */; };
		3CAD46A12B903BEC00E97A04 /* MainViewNameInput.swift in Sources */ = {isa = PBXBuildFile; fileRef = 3CAD46A02B903BEC00E97A04 /* MainViewNameInput.swift */; };
		3CAD46A32B903C8300E97A04 /* MainViewServerInput.swift in Sources */ = {isa = PBXBuildFile; fileRef = 3CAD46A22B903C8300E97A04 /* MainViewServerInput.swift */; };
		3CAD46A52B903E1000E97A04 /* MainViewRecentLookups.swift in Sources */ = {isa = PBXBuildFile; fileRef = 3CAD46A42B903E1000E97A04 /* MainViewRecentLookups.swift */; };
		3CC646C42C0A8AA80049CEC7 /* RecordViewSOA.swift in Sources */ = {isa = PBXBuildFile; fileRef = 3CC646C32C0A8AA80049CEC7 /* RecordViewSOA.swift */; };
		3CC646C62C0A8F550049CEC7 /* RecordViewSRV.swift in Sources */ = {isa = PBXBuildFile; fileRef = 3CC646C52C0A8F550049CEC7 /* RecordViewSRV.swift */; };
		3CC646C82C0A8FFC0049CEC7 /* RecordViewDNSKEY.swift in Sources */ = {isa = PBXBuildFile; fileRef = 3CC646C72C0A8FFC0049CEC7 /* RecordViewDNSKEY.swift */; };
		3CC646CA2C0A90F80049CEC7 /* TitleValue.swift in Sources */ = {isa = PBXBuildFile; fileRef = 3CC646C92C0A90F80049CEC7 /* TitleValue.swift */; };
		3CC646CC2C0A967D0049CEC7 /* RecordViewDS.swift in Sources */ = {isa = PBXBuildFile; fileRef = 3CC646CB2C0A967D0049CEC7 /* RecordViewDS.swift */; };
		3CCA312B2AF5DAEE00C11280 /* DNSAnswerDataView.swift in Sources */ = {isa = PBXBuildFile; fileRef = 3CCA312A2AF5DAEE00C11280 /* DNSAnswerDataView.swift */; };
		3CE4E35D2BD8D84E00715E6C /* es.plist in Resources */ = {isa = PBXBuildFile; fileRef = 3CE4E35C2BD8D84E00715E6C /* es.plist */; };
		3CE4E35F2BD8DB1B00715E6C /* DNSAnswerDNSSECView.swift in Sources */ = {isa = PBXBuildFile; fileRef = 3CE4E35E2BD8DB1B00715E6C /* DNSAnswerDNSSECView.swift */; };
		3CE7E44D2C4C2AD0001E71FC /* DNSKit in Frameworks */ = {isa = PBXBuildFile; productRef = 3CE7E44C2C4C2AD0001E71FC /* DNSKit */; };
		3CF7FF832B45256C000307CD /* ClearButton.swift in Sources */ = {isa = PBXBuildFile; fileRef = 3CF7FF822B45256C000307CD /* ClearButton.swift */; };
		9A80CE292AEF2C7700E97A63 /* RoundedLabel.swift in Sources */ = {isa = PBXBuildFile; fileRef = 9A80CE282AEF2C7700E97A63 /* RoundedLabel.swift */; };
		9A80CE2E2AEF339700E97A63 /* UserOptions.swift in Sources */ = {isa = PBXBuildFile; fileRef = 9A80CE2D2AEF339700E97A63 /* UserOptions.swift */; };
		9A80CE302AEF5A0A00E97A63 /* PresetServer.swift in Sources */ = {isa = PBXBuildFile; fileRef = 9A80CE2F2AEF5A0A00E97A63 /* PresetServer.swift */; };
		9A80CE322AEF5C6100E97A63 /* AppDelegate.swift in Sources */ = {isa = PBXBuildFile; fileRef = 9A80CE312AEF5C6100E97A63 /* AppDelegate.swift */; };
		9A80CE342AEF633700E97A63 /* PresetServerEditView.swift in Sources */ = {isa = PBXBuildFile; fileRef = 9A80CE332AEF633600E97A63 /* PresetServerEditView.swift */; };
		9A80CE362AEF634700E97A63 /* PresetServerListView.swift in Sources */ = {isa = PBXBuildFile; fileRef = 9A80CE352AEF634700E97A63 /* PresetServerListView.swift */; };
		9A80CE382AEF650200E97A63 /* PresetServerButton.swift in Sources */ = {isa = PBXBuildFile; fileRef = 9A80CE372AEF650200E97A63 /* PresetServerButton.swift */; };
		9A80CE3B2AEF6D0200E97A63 /* IO.swift in Sources */ = {isa = PBXBuildFile; fileRef = 9A80CE3A2AEF6D0200E97A63 /* IO.swift */; };
		9A80CE3D2AEF6E4700E97A63 /* Navigation.swift in Sources */ = {isa = PBXBuildFile; fileRef = 9A80CE3C2AEF6E4700E97A63 /* Navigation.swift */; };
		9A80CE402AEF6FF400E97A63 /* Text+Fixedwidth.swift in Sources */ = {isa = PBXBuildFile; fileRef = 9A80CE3F2AEF6FF400E97A63 /* Text+Fixedwidth.swift */; };
		9AA8C13A2ADCA98000B93E45 /* App.swift in Sources */ = {isa = PBXBuildFile; fileRef = 9AA8C1392ADCA98000B93E45 /* App.swift */; };
		9AA8C13C2ADCA98000B93E45 /* MainView.swift in Sources */ = {isa = PBXBuildFile; fileRef = 9AA8C13B2ADCA98000B93E45 /* MainView.swift */; };
		9AA8C13E2ADCA98200B93E45 /* Assets.xcassets in Resources */ = {isa = PBXBuildFile; fileRef = 9AA8C13D2ADCA98200B93E45 /* Assets.xcassets */; };
		9AA8C1412ADCA98200B93E45 /* Preview Assets.xcassets in Resources */ = {isa = PBXBuildFile; fileRef = 9AA8C1402ADCA98200B93E45 /* Preview Assets.xcassets */; };
		9AA8C18C2ADCC2CD00B93E45 /* AboutView.swift in Sources */ = {isa = PBXBuildFile; fileRef = 9AA8C18B2ADCC2CD00B93E45 /* AboutView.swift */; };
		9AA8C18E2ADD9B4600B93E45 /* OptionsView.swift in Sources */ = {isa = PBXBuildFile; fileRef = 9AA8C18D2ADD9B4600B93E45 /* OptionsView.swift */; };
/* End PBXBuildFile section */

/* Begin PBXCopyFilesBuildPhase section */
		9AA8C1662ADCAE9C00B93E45 /* Embed Frameworks */ = {
			isa = PBXCopyFilesBuildPhase;
			buildActionMask = 2147483647;
			dstPath = "";
			dstSubfolderSpec = 10;
			files = (
			);
			name = "Embed Frameworks";
			runOnlyForDeploymentPostprocessing = 0;
		};
/* End PBXCopyFilesBuildPhase section */

/* Begin PBXFileReference section */
		3C0410052B93D4BD00389A16 /* AppLanguageView.swift */ = {isa = PBXFileReference; lastKnownFileType = sourcecode.swift; path = AppLanguageView.swift; sourceTree = "<group>"; };
		3C0C6B2D2B38F309006D3F41 /* AboutTableView.swift */ = {isa = PBXFileReference; lastKnownFileType = sourcecode.swift; path = AboutTableView.swift; sourceTree = "<group>"; };
		3C0C6B2F2B38F35F006D3F41 /* AboutTableViewRepresentable.swift */ = {isa = PBXFileReference; lastKnownFileType = sourcecode.swift; path = AboutTableViewRepresentable.swift; sourceTree = "<group>"; };
		3C0C6B312B38F944006D3F41 /* ActionTipTarget.swift */ = {isa = PBXFileReference; lastKnownFileType = sourcecode.swift; path = ActionTipTarget.swift; sourceTree = "<group>"; };
		3C0C6B332B39108B006D3F41 /* ErrorCellView.swift */ = {isa = PBXFileReference; lastKnownFileType = sourcecode.swift; path = ErrorCellView.swift; sourceTree = "<group>"; };
		3C26AD7F2BA6775E0022BABD /* WHOISView.swift */ = {isa = PBXFileReference; lastKnownFileType = sourcecode.swift; path = WHOISView.swift; sourceTree = "<group>"; };
		3C343D422ADE1B2E00C282D0 /* DNSMessageView.swift */ = {isa = PBXFileReference; lastKnownFileType = sourcecode.swift; path = DNSMessageView.swift; sourceTree = "<group>"; };
		3C599C1E2C818467003BFC68 /* RecordViewHTTPS.swift */ = {isa = PBXFileReference; lastKnownFileType = sourcecode.swift; path = RecordViewHTTPS.swift; sourceTree = "<group>"; };
		3C61432D2BA7B179006A8B14 /* View+Destination.swift */ = {isa = PBXFileReference; lastKnownFileType = sourcecode.swift; path = "View+Destination.swift"; sourceTree = "<group>"; };
		3C62351C2CD6FA3500387F6E /* FullScreenTextView.swift */ = {isa = PBXFileReference; lastKnownFileType = sourcecode.swift; path = FullScreenTextView.swift; sourceTree = "<group>"; };
		3C6CCD592B3BAC4700A3B6F2 /* Globals.swift */ = {isa = PBXFileReference; lastKnownFileType = sourcecode.swift; path = Globals.swift; sourceTree = "<group>"; };
		3C6CCD5C2B3BB5C700A3B6F2 /* Localization.swift */ = {isa = PBXFileReference; lastKnownFileType = sourcecode.swift; path = Localization.swift; sourceTree = "<group>"; };
		3C6CCD5E2B3BB66000A3B6F2 /* Localization+SwiftUI.swift */ = {isa = PBXFileReference; lastKnownFileType = sourcecode.swift; path = "Localization+SwiftUI.swift"; sourceTree = "<group>"; };
		3C6CCD622B3BB75800A3B6F2 /* en.plist */ = {isa = PBXFileReference; fileEncoding = 4; lastKnownFileType = text.plist.xml; path = en.plist; sourceTree = "<group>"; };
		3C7BD1BF2C387A21004C2ECF /* LogWriter.swift */ = {isa = PBXFileReference; lastKnownFileType = sourcecode.swift; path = LogWriter.swift; sourceTree = "<group>"; };
		3C7BD1C32C38A955004C2ECF /* RecordViewA.swift */ = {isa = PBXFileReference; lastKnownFileType = sourcecode.swift; path = RecordViewA.swift; sourceTree = "<group>"; };
		3C7BD1C52C38A95C004C2ECF /* RecordViewAAAA.swift */ = {isa = PBXFileReference; lastKnownFileType = sourcecode.swift; path = RecordViewAAAA.swift; sourceTree = "<group>"; };
		3C7BD1C72C38A965004C2ECF /* RecordViewBasicName.swift */ = {isa = PBXFileReference; lastKnownFileType = sourcecode.swift; path = RecordViewBasicName.swift; sourceTree = "<group>"; };
		3C7BD1CD2C38AB05004C2ECF /* RecordViewTXT.swift */ = {isa = PBXFileReference; lastKnownFileType = sourcecode.swift; path = RecordViewTXT.swift; sourceTree = "<group>"; };
		3C7BD1CF2C38AB26004C2ECF /* RecordViewMX.swift */ = {isa = PBXFileReference; lastKnownFileType = sourcecode.swift; path = RecordViewMX.swift; sourceTree = "<group>"; };
		3C8B59D92B36312F000B9F84 /* PrivacyInfo.xcprivacy */ = {isa = PBXFileReference; lastKnownFileType = text.xml; path = PrivacyInfo.xcprivacy; sourceTree = "<group>"; };
		3C9AA7C42AF1E45B00B072FA /* DNSAnswerView.swift */ = {isa = PBXFileReference; lastKnownFileType = sourcecode.swift; path = DNSAnswerView.swift; sourceTree = "<group>"; };
		3C9AA7C62AF1E94100B072FA /* View+RoundedCorners.swift */ = {isa = PBXFileReference; lastKnownFileType = sourcecode.swift; path = "View+RoundedCorners.swift"; sourceTree = "<group>"; };
		3C9AA7C82AF1F43F00B072FA /* DNSQuestionView.swift */ = {isa = PBXFileReference; lastKnownFileType = sourcecode.swift; path = DNSQuestionView.swift; sourceTree = "<group>"; };
		3C9AA7CA2AF1FCF400B072FA /* RecentQuery.swift */ = {isa = PBXFileReference; lastKnownFileType = sourcecode.swift; path = RecentQuery.swift; sourceTree = "<group>"; };
		3C9AA7CC2AF206D400B072FA /* Info.plist */ = {isa = PBXFileReference; lastKnownFileType = text.plist.xml; path = Info.plist; sourceTree = "<group>"; };
		3C9AA7CD2AF2082100B072FA /* AppInfo.swift */ = {isa = PBXFileReference; lastKnownFileType = sourcecode.swift; path = AppInfo.swift; sourceTree = "<group>"; };
		3CAD46A02B903BEC00E97A04 /* MainViewNameInput.swift */ = {isa = PBXFileReference; lastKnownFileType = sourcecode.swift; path = MainViewNameInput.swift; sourceTree = "<group>"; };
		3CAD46A22B903C8300E97A04 /* MainViewServerInput.swift */ = {isa = PBXFileReference; lastKnownFileType = sourcecode.swift; path = MainViewServerInput.swift; sourceTree = "<group>"; };
		3CAD46A42B903E1000E97A04 /* MainViewRecentLookups.swift */ = {isa = PBXFileReference; lastKnownFileType = sourcecode.swift; path = MainViewRecentLookups.swift; sourceTree = "<group>"; };
		3CC646C32C0A8AA80049CEC7 /* RecordViewSOA.swift */ = {isa = PBXFileReference; lastKnownFileType = sourcecode.swift; path = RecordViewSOA.swift; sourceTree = "<group>"; };
		3CC646C52C0A8F550049CEC7 /* RecordViewSRV.swift */ = {isa = PBXFileReference; lastKnownFileType = sourcecode.swift; path = RecordViewSRV.swift; sourceTree = "<group>"; };
		3CC646C72C0A8FFC0049CEC7 /* RecordViewDNSKEY.swift */ = {isa = PBXFileReference; lastKnownFileType = sourcecode.swift; path = RecordViewDNSKEY.swift; sourceTree = "<group>"; };
		3CC646C92C0A90F80049CEC7 /* TitleValue.swift */ = {isa = PBXFileReference; lastKnownFileType = sourcecode.swift; path = TitleValue.swift; sourceTree = "<group>"; };
		3CC646CB2C0A967D0049CEC7 /* RecordViewDS.swift */ = {isa = PBXFileReference; lastKnownFileType = sourcecode.swift; path = RecordViewDS.swift; sourceTree = "<group>"; };
		3CCA312A2AF5DAEE00C11280 /* DNSAnswerDataView.swift */ = {isa = PBXFileReference; lastKnownFileType = sourcecode.swift; path = DNSAnswerDataView.swift; sourceTree = "<group>"; };
		3CE4E35C2BD8D84E00715E6C /* es.plist */ = {isa = PBXFileReference; fileEncoding = 4; lastKnownFileType = text.plist.xml; path = es.plist; sourceTree = "<group>"; };
		3CE4E35E2BD8DB1B00715E6C /* DNSAnswerDNSSECView.swift */ = {isa = PBXFileReference; lastKnownFileType = sourcecode.swift; path = DNSAnswerDNSSECView.swift; sourceTree = "<group>"; };
		3CF7FF822B45256C000307CD /* ClearButton.swift */ = {isa = PBXFileReference; lastKnownFileType = sourcecode.swift; path = ClearButton.swift; sourceTree = "<group>"; };
		9A80CE282AEF2C7700E97A63 /* RoundedLabel.swift */ = {isa = PBXFileReference; lastKnownFileType = sourcecode.swift; path = RoundedLabel.swift; sourceTree = "<group>"; };
		9A80CE2D2AEF339700E97A63 /* UserOptions.swift */ = {isa = PBXFileReference; lastKnownFileType = sourcecode.swift; path = UserOptions.swift; sourceTree = "<group>"; };
		9A80CE2F2AEF5A0A00E97A63 /* PresetServer.swift */ = {isa = PBXFileReference; lastKnownFileType = sourcecode.swift; path = PresetServer.swift; sourceTree = "<group>"; };
		9A80CE312AEF5C6100E97A63 /* AppDelegate.swift */ = {isa = PBXFileReference; lastKnownFileType = sourcecode.swift; path = AppDelegate.swift; sourceTree = "<group>"; };
		9A80CE332AEF633600E97A63 /* PresetServerEditView.swift */ = {isa = PBXFileReference; lastKnownFileType = sourcecode.swift; path = PresetServerEditView.swift; sourceTree = "<group>"; };
		9A80CE352AEF634700E97A63 /* PresetServerListView.swift */ = {isa = PBXFileReference; lastKnownFileType = sourcecode.swift; path = PresetServerListView.swift; sourceTree = "<group>"; };
		9A80CE372AEF650200E97A63 /* PresetServerButton.swift */ = {isa = PBXFileReference; lastKnownFileType = sourcecode.swift; path = PresetServerButton.swift; sourceTree = "<group>"; };
		9A80CE3A2AEF6D0200E97A63 /* IO.swift */ = {isa = PBXFileReference; lastKnownFileType = sourcecode.swift; path = IO.swift; sourceTree = "<group>"; };
		9A80CE3C2AEF6E4700E97A63 /* Navigation.swift */ = {isa = PBXFileReference; lastKnownFileType = sourcecode.swift; path = Navigation.swift; sourceTree = "<group>"; };
		9A80CE3F2AEF6FF400E97A63 /* Text+Fixedwidth.swift */ = {isa = PBXFileReference; lastKnownFileType = sourcecode.swift; path = "Text+Fixedwidth.swift"; sourceTree = "<group>"; };
		9AA8C1362ADCA98000B93E45 /* DNS Inspector.app */ = {isa = PBXFileReference; explicitFileType = wrapper.application; includeInIndex = 0; path = "DNS Inspector.app"; sourceTree = BUILT_PRODUCTS_DIR; };
		9AA8C1392ADCA98000B93E45 /* App.swift */ = {isa = PBXFileReference; lastKnownFileType = sourcecode.swift; path = App.swift; sourceTree = "<group>"; };
		9AA8C13B2ADCA98000B93E45 /* MainView.swift */ = {isa = PBXFileReference; lastKnownFileType = sourcecode.swift; path = MainView.swift; sourceTree = "<group>"; };
		9AA8C13D2ADCA98200B93E45 /* Assets.xcassets */ = {isa = PBXFileReference; lastKnownFileType = folder.assetcatalog; path = Assets.xcassets; sourceTree = "<group>"; };
		9AA8C1402ADCA98200B93E45 /* Preview Assets.xcassets */ = {isa = PBXFileReference; lastKnownFileType = folder.assetcatalog; path = "Preview Assets.xcassets"; sourceTree = "<group>"; };
		9AA8C18B2ADCC2CD00B93E45 /* AboutView.swift */ = {isa = PBXFileReference; lastKnownFileType = sourcecode.swift; path = AboutView.swift; sourceTree = "<group>"; };
		9AA8C18D2ADD9B4600B93E45 /* OptionsView.swift */ = {isa = PBXFileReference; lastKnownFileType = sourcecode.swift; path = OptionsView.swift; sourceTree = "<group>"; };
/* End PBXFileReference section */

/* Begin PBXFrameworksBuildPhase section */
		9AA8C1332ADCA98000B93E45 /* Frameworks */ = {
			isa = PBXFrameworksBuildPhase;
			buildActionMask = 2147483647;
			files = (
				3CE7E44D2C4C2AD0001E71FC /* DNSKit in Frameworks */,
			);
			runOnlyForDeploymentPostprocessing = 0;
		};
/* End PBXFrameworksBuildPhase section */

/* Begin PBXGroup section */
		3C0410042B93D48200389A16 /* OptionsView */ = {
			isa = PBXGroup;
			children = (
				3C0410052B93D4BD00389A16 /* AppLanguageView.swift */,
				9AA8C18D2ADD9B4600B93E45 /* OptionsView.swift */,
			);
			path = OptionsView;
			sourceTree = "<group>";
		};
		3C62351B2CD6FA2B00387F6E /* Other Views */ = {
			isa = PBXGroup;
			children = (
				3C62351C2CD6FA3500387F6E /* FullScreenTextView.swift */,
			);
			path = "Other Views";
			sourceTree = "<group>";
		};
		3C6415142BA55A1600C78647 /* AnswerView */ = {
			isa = PBXGroup;
			children = (
				3CC646C22C0A8A930049CEC7 /* RecordView */,
				3CCA312A2AF5DAEE00C11280 /* DNSAnswerDataView.swift */,
				3CE4E35E2BD8DB1B00715E6C /* DNSAnswerDNSSECView.swift */,
				3C9AA7C42AF1E45B00B072FA /* DNSAnswerView.swift */,
				3C343D422ADE1B2E00C282D0 /* DNSMessageView.swift */,
				3C9AA7C82AF1F43F00B072FA /* DNSQuestionView.swift */,
				3C26AD7F2BA6775E0022BABD /* WHOISView.swift */,
			);
			path = AnswerView;
			sourceTree = "<group>";
		};
		3C6CCD5B2B3BB5B900A3B6F2 /* Localization */ = {
			isa = PBXGroup;
			children = (
				3C6CCD612B3BB74800A3B6F2 /* Strings */,
				3C6CCD5C2B3BB5C700A3B6F2 /* Localization.swift */,
				3C6CCD5E2B3BB66000A3B6F2 /* Localization+SwiftUI.swift */,
			);
			path = Localization;
			sourceTree = "<group>";
		};
		3C6CCD612B3BB74800A3B6F2 /* Strings */ = {
			isa = PBXGroup;
			children = (
				3C6CCD622B3BB75800A3B6F2 /* en.plist */,
				3CE4E35C2BD8D84E00715E6C /* es.plist */,
			);
			path = Strings;
			sourceTree = "<group>";
		};
		3C9B3DCB2AE4639E002A927E /* Frameworks */ = {
			isa = PBXGroup;
			children = (
			);
			name = Frameworks;
			sourceTree = "<group>";
		};
		3CAD469F2B903BC800E97A04 /* MainView */ = {
			isa = PBXGroup;
			children = (
				9AA8C13B2ADCA98000B93E45 /* MainView.swift */,
				3CAD46A02B903BEC00E97A04 /* MainViewNameInput.swift */,
				3CAD46A22B903C8300E97A04 /* MainViewServerInput.swift */,
				3CAD46A42B903E1000E97A04 /* MainViewRecentLookups.swift */,
			);
			path = MainView;
			sourceTree = "<group>";
		};
		3CAD46A62B90410100E97A04 /* AboutView */ = {
			isa = PBXGroup;
			children = (
				3C0C6B2D2B38F309006D3F41 /* AboutTableView.swift */,
				3C0C6B2F2B38F35F006D3F41 /* AboutTableViewRepresentable.swift */,
				9AA8C18B2ADCC2CD00B93E45 /* AboutView.swift */,
			);
			path = AboutView;
			sourceTree = "<group>";
		};
		3CC646C22C0A8A930049CEC7 /* RecordView */ = {
			isa = PBXGroup;
			children = (
				3C7BD1C32C38A955004C2ECF /* RecordViewA.swift */,
				3C7BD1C52C38A95C004C2ECF /* RecordViewAAAA.swift */,
				3C7BD1C72C38A965004C2ECF /* RecordViewBasicName.swift */,
				3CC646C72C0A8FFC0049CEC7 /* RecordViewDNSKEY.swift */,
				3CC646CB2C0A967D0049CEC7 /* RecordViewDS.swift */,
				3C599C1E2C818467003BFC68 /* RecordViewHTTPS.swift */,
				3C7BD1CF2C38AB26004C2ECF /* RecordViewMX.swift */,
				3CC646C32C0A8AA80049CEC7 /* RecordViewSOA.swift */,
				3CC646C52C0A8F550049CEC7 /* RecordViewSRV.swift */,
				3C7BD1CD2C38AB05004C2ECF /* RecordViewTXT.swift */,
			);
			path = RecordView;
			sourceTree = "<group>";
		};
		9A80CE272AEF2C6B00E97A63 /* Views */ = {
			isa = PBXGroup;
			children = (
				3C62351B2CD6FA2B00387F6E /* Other Views */,
				3CAD46A62B90410100E97A04 /* AboutView */,
				3C0C6B312B38F944006D3F41 /* ActionTipTarget.swift */,
				3C6415142BA55A1600C78647 /* AnswerView */,
				3CF7FF822B45256C000307CD /* ClearButton.swift */,
				3C0C6B332B39108B006D3F41 /* ErrorCellView.swift */,
				3CAD469F2B903BC800E97A04 /* MainView */,
				9A80CE3C2AEF6E4700E97A63 /* Navigation.swift */,
				3C0410042B93D48200389A16 /* OptionsView */,
				9A80CE372AEF650200E97A63 /* PresetServerButton.swift */,
				9A80CE332AEF633600E97A63 /* PresetServerEditView.swift */,
				9A80CE352AEF634700E97A63 /* PresetServerListView.swift */,
				9A80CE282AEF2C7700E97A63 /* RoundedLabel.swift */,
				3CC646C92C0A90F80049CEC7 /* TitleValue.swift */,
			);
			path = Views;
			sourceTree = "<group>";
		};
		9A80CE2A2AEF336600E97A63 /* Options */ = {
			isa = PBXGroup;
			children = (
				9A80CE2F2AEF5A0A00E97A63 /* PresetServer.swift */,
				9A80CE2D2AEF339700E97A63 /* UserOptions.swift */,
			);
			path = Options;
			sourceTree = "<group>";
		};
		9A80CE392AEF6CF700E97A63 /* Services */ = {
			isa = PBXGroup;
			children = (
				3C9AA7CD2AF2082100B072FA /* AppInfo.swift */,
				9A80CE3A2AEF6D0200E97A63 /* IO.swift */,
				3C7BD1BF2C387A21004C2ECF /* LogWriter.swift */,
				3C9AA7CA2AF1FCF400B072FA /* RecentQuery.swift */,
			);
			path = Services;
			sourceTree = "<group>";
		};
		9A80CE3E2AEF6FE600E97A63 /* Extensions */ = {
			isa = PBXGroup;
			children = (
				9A80CE3F2AEF6FF400E97A63 /* Text+Fixedwidth.swift */,
				3C9AA7C62AF1E94100B072FA /* View+RoundedCorners.swift */,
				3C61432D2BA7B179006A8B14 /* View+Destination.swift */,
			);
			path = Extensions;
			sourceTree = "<group>";
		};
		9AA8C12D2ADCA98000B93E45 = {
			isa = PBXGroup;
			children = (
				9AA8C1382ADCA98000B93E45 /* dns-inspector */,
				3C9B3DCB2AE4639E002A927E /* Frameworks */,
				9AA8C1372ADCA98000B93E45 /* Products */,
			);
			sourceTree = "<group>";
		};
		9AA8C1372ADCA98000B93E45 /* Products */ = {
			isa = PBXGroup;
			children = (
				9AA8C1362ADCA98000B93E45 /* DNS Inspector.app */,
			);
			name = Products;
			sourceTree = "<group>";
		};
		9AA8C1382ADCA98000B93E45 /* dns-inspector */ = {
			isa = PBXGroup;
			children = (
				9AA8C1392ADCA98000B93E45 /* App.swift */,
				9A80CE312AEF5C6100E97A63 /* AppDelegate.swift */,
				9AA8C13D2ADCA98200B93E45 /* Assets.xcassets */,
				9A80CE3E2AEF6FE600E97A63 /* Extensions */,
				3C6CCD592B3BAC4700A3B6F2 /* Globals.swift */,
				3C9AA7CC2AF206D400B072FA /* Info.plist */,
				3C6CCD5B2B3BB5B900A3B6F2 /* Localization */,
				9A80CE2A2AEF336600E97A63 /* Options */,
				9AA8C13F2ADCA98200B93E45 /* Preview Content */,
				3C8B59D92B36312F000B9F84 /* PrivacyInfo.xcprivacy */,
				9A80CE392AEF6CF700E97A63 /* Services */,
				9A80CE272AEF2C6B00E97A63 /* Views */,
			);
			path = "dns-inspector";
			sourceTree = "<group>";
		};
		9AA8C13F2ADCA98200B93E45 /* Preview Content */ = {
			isa = PBXGroup;
			children = (
				9AA8C1402ADCA98200B93E45 /* Preview Assets.xcassets */,
			);
			path = "Preview Content";
			sourceTree = "<group>";
		};
/* End PBXGroup section */

/* Begin PBXNativeTarget section */
		9AA8C1352ADCA98000B93E45 /* DNS Inspector */ = {
			isa = PBXNativeTarget;
			buildConfigurationList = 9AA8C1442ADCA98200B93E45 /* Build configuration list for PBXNativeTarget "DNS Inspector" */;
			buildPhases = (
				3C7D26D22B45346B009954D7 /* SwiftLint */,
				9AA8C1322ADCA98000B93E45 /* Sources */,
				9AA8C1332ADCA98000B93E45 /* Frameworks */,
				9AA8C1342ADCA98000B93E45 /* Resources */,
				9AA8C1662ADCAE9C00B93E45 /* Embed Frameworks */,
			);
			buildRules = (
			);
			dependencies = (
			);
			name = "DNS Inspector";
			packageProductDependencies = (
				3CE7E44C2C4C2AD0001E71FC /* DNSKit */,
			);
			productName = "dns-inspector";
			productReference = 9AA8C1362ADCA98000B93E45 /* DNS Inspector.app */;
			productType = "com.apple.product-type.application";
		};
/* End PBXNativeTarget section */

/* Begin PBXProject section */
		9AA8C12E2ADCA98000B93E45 /* Project object */ = {
			isa = PBXProject;
			attributes = {
				BuildIndependentTargetsInParallel = 1;
				LastSwiftUpdateCheck = 1500;
				LastUpgradeCheck = 1540;
				TargetAttributes = {
					9AA8C1352ADCA98000B93E45 = {
						CreatedOnToolsVersion = 15.0;
					};
				};
			};
			buildConfigurationList = 9AA8C1312ADCA98000B93E45 /* Build configuration list for PBXProject "dns-inspector" */;
			compatibilityVersion = "Xcode 14.0";
			developmentRegion = en;
			hasScannedForEncodings = 0;
			knownRegions = (
				en,
				Base,
			);
			mainGroup = 9AA8C12D2ADCA98000B93E45;
			packageReferences = (
				3CE7E44B2C4C2AD0001E71FC /* XCRemoteSwiftPackageReference "dnskit" */,
			);
			productRefGroup = 9AA8C1372ADCA98000B93E45 /* Products */;
			projectDirPath = "";
			projectRoot = "";
			targets = (
				9AA8C1352ADCA98000B93E45 /* DNS Inspector */,
			);
		};
/* End PBXProject section */

/* Begin PBXResourcesBuildPhase section */
		9AA8C1342ADCA98000B93E45 /* Resources */ = {
			isa = PBXResourcesBuildPhase;
			buildActionMask = 2147483647;
			files = (
				3C6CCD632B3BB75800A3B6F2 /* en.plist in Resources */,
				9AA8C1412ADCA98200B93E45 /* Preview Assets.xcassets in Resources */,
				3CE4E35D2BD8D84E00715E6C /* es.plist in Resources */,
				9AA8C13E2ADCA98200B93E45 /* Assets.xcassets in Resources */,
			);
			runOnlyForDeploymentPostprocessing = 0;
		};
/* End PBXResourcesBuildPhase section */

/* Begin PBXShellScriptBuildPhase section */
		3C7D26D22B45346B009954D7 /* SwiftLint */ = {
			isa = PBXShellScriptBuildPhase;
			alwaysOutOfDate = 1;
			buildActionMask = 2147483647;
			files = (
			);
			inputFileListPaths = (
			);
			inputPaths = (
			);
			name = SwiftLint;
			outputFileListPaths = (
			);
			outputPaths = (
			);
			runOnlyForDeploymentPostprocessing = 0;
			shellPath = /bin/sh;
			shellScript = "export PATH=\"$PATH:/opt/homebrew/bin\"\nif which swiftlint > /dev/null; then\n  swiftlint\nelse\n  echo \"warning: SwiftLint not installed, download from https://github.com/realm/SwiftLint\"\nfi\n";
		};
/* End PBXShellScriptBuildPhase section */

/* Begin PBXSourcesBuildPhase section */
		9AA8C1322ADCA98000B93E45 /* Sources */ = {
			isa = PBXSourcesBuildPhase;
			buildActionMask = 2147483647;
			files = (
				3C0C6B322B38F944006D3F41 /* ActionTipTarget.swift in Sources */,
				3CCA312B2AF5DAEE00C11280 /* DNSAnswerDataView.swift in Sources */,
				3C26AD802BA6775E0022BABD /* WHOISView.swift in Sources */,
				3C6CCD5F2B3BB66000A3B6F2 /* Localization+SwiftUI.swift in Sources */,
				3CC646CC2C0A967D0049CEC7 /* RecordViewDS.swift in Sources */,
				3C343D432ADE1B2E00C282D0 /* DNSMessageView.swift in Sources */,
				3C0410062B93D4BD00389A16 /* AppLanguageView.swift in Sources */,
				3C0C6B302B38F35F006D3F41 /* AboutTableViewRepresentable.swift in Sources */,
				9A80CE322AEF5C6100E97A63 /* AppDelegate.swift in Sources */,
				3C0C6B342B39108B006D3F41 /* ErrorCellView.swift in Sources */,
				9A80CE302AEF5A0A00E97A63 /* PresetServer.swift in Sources */,
				3CE4E35F2BD8DB1B00715E6C /* DNSAnswerDNSSECView.swift in Sources */,
				3C7BD1D02C38AB26004C2ECF /* RecordViewMX.swift in Sources */,
				3CC646C82C0A8FFC0049CEC7 /* RecordViewDNSKEY.swift in Sources */,
				9A80CE402AEF6FF400E97A63 /* Text+Fixedwidth.swift in Sources */,
				9A80CE342AEF633700E97A63 /* PresetServerEditView.swift in Sources */,
				3CC646C62C0A8F550049CEC7 /* RecordViewSRV.swift in Sources */,
				3C9AA7C72AF1E94100B072FA /* View+RoundedCorners.swift in Sources */,
				3CAD46A52B903E1000E97A04 /* MainViewRecentLookups.swift in Sources */,
				3C7BD1C62C38A95C004C2ECF /* RecordViewAAAA.swift in Sources */,
				3C7BD1C42C38A955004C2ECF /* RecordViewA.swift in Sources */,
				3C9AA7C52AF1E45B00B072FA /* DNSAnswerView.swift in Sources */,
				3C61432E2BA7B179006A8B14 /* View+Destination.swift in Sources */,
				9A80CE362AEF634700E97A63 /* PresetServerListView.swift in Sources */,
				3C9AA7CB2AF1FCF400B072FA /* RecentQuery.swift in Sources */,
				3CF7FF832B45256C000307CD /* ClearButton.swift in Sources */,
				3CC646C42C0A8AA80049CEC7 /* RecordViewSOA.swift in Sources */,
				9AA8C13C2ADCA98000B93E45 /* MainView.swift in Sources */,
				9A80CE3D2AEF6E4700E97A63 /* Navigation.swift in Sources */,
				9AA8C18E2ADD9B4600B93E45 /* OptionsView.swift in Sources */,
				9A80CE2E2AEF339700E97A63 /* UserOptions.swift in Sources */,
				3C0C6B2E2B38F309006D3F41 /* AboutTableView.swift in Sources */,
				9A80CE3B2AEF6D0200E97A63 /* IO.swift in Sources */,
				3C6CCD5D2B3BB5C700A3B6F2 /* Localization.swift in Sources */,
				9A80CE292AEF2C7700E97A63 /* RoundedLabel.swift in Sources */,
				9A80CE382AEF650200E97A63 /* PresetServerButton.swift in Sources */,
				3C6CCD5A2B3BAC4700A3B6F2 /* Globals.swift in Sources */,
				3C62351D2CD6FA3D00387F6E /* FullScreenTextView.swift in Sources */,
				3C9AA7C92AF1F43F00B072FA /* DNSQuestionView.swift in Sources */,
				3C7BD1C82C38A965004C2ECF /* RecordViewBasicName.swift in Sources */,
				3C7BD1CE2C38AB05004C2ECF /* RecordViewTXT.swift in Sources */,
				3C9AA7CE2AF2082100B072FA /* AppInfo.swift in Sources */,
				3CC646CA2C0A90F80049CEC7 /* TitleValue.swift in Sources */,
				3CAD46A32B903C8300E97A04 /* MainViewServerInput.swift in Sources */,
				3CAD46A12B903BEC00E97A04 /* MainViewNameInput.swift in Sources */,
				9AA8C13A2ADCA98000B93E45 /* App.swift in Sources */,
				3C599C1F2C818467003BFC68 /* RecordViewHTTPS.swift in Sources */,
				9AA8C18C2ADCC2CD00B93E45 /* AboutView.swift in Sources */,
				3C7BD1C02C387A21004C2ECF /* LogWriter.swift in Sources */,
			);
			runOnlyForDeploymentPostprocessing = 0;
		};
/* End PBXSourcesBuildPhase section */

/* Begin XCBuildConfiguration section */
		9AA8C1422ADCA98200B93E45 /* Debug */ = {
			isa = XCBuildConfiguration;
			buildSettings = {
				ALWAYS_SEARCH_USER_PATHS = NO;
				ASSETCATALOG_COMPILER_GENERATE_SWIFT_ASSET_SYMBOL_EXTENSIONS = YES;
				CLANG_ANALYZER_NONNULL = YES;
				CLANG_ANALYZER_NUMBER_OBJECT_CONVERSION = YES_AGGRESSIVE;
				CLANG_CXX_LANGUAGE_STANDARD = "gnu++20";
				CLANG_ENABLE_MODULES = YES;
				CLANG_ENABLE_OBJC_ARC = YES;
				CLANG_ENABLE_OBJC_WEAK = YES;
				CLANG_WARN_BLOCK_CAPTURE_AUTORELEASING = YES;
				CLANG_WARN_BOOL_CONVERSION = YES;
				CLANG_WARN_COMMA = YES;
				CLANG_WARN_CONSTANT_CONVERSION = YES;
				CLANG_WARN_DEPRECATED_OBJC_IMPLEMENTATIONS = YES;
				CLANG_WARN_DIRECT_OBJC_ISA_USAGE = YES_ERROR;
				CLANG_WARN_DOCUMENTATION_COMMENTS = YES;
				CLANG_WARN_EMPTY_BODY = YES;
				CLANG_WARN_ENUM_CONVERSION = YES;
				CLANG_WARN_INFINITE_RECURSION = YES;
				CLANG_WARN_INT_CONVERSION = YES;
				CLANG_WARN_NON_LITERAL_NULL_CONVERSION = YES;
				CLANG_WARN_OBJC_IMPLICIT_RETAIN_SELF = YES;
				CLANG_WARN_OBJC_LITERAL_CONVERSION = YES;
				CLANG_WARN_OBJC_ROOT_CLASS = YES_ERROR;
				CLANG_WARN_QUOTED_INCLUDE_IN_FRAMEWORK_HEADER = YES;
				CLANG_WARN_RANGE_LOOP_ANALYSIS = YES;
				CLANG_WARN_STRICT_PROTOTYPES = YES;
				CLANG_WARN_SUSPICIOUS_MOVE = YES;
				CLANG_WARN_UNGUARDED_AVAILABILITY = YES_AGGRESSIVE;
				CLANG_WARN_UNREACHABLE_CODE = YES;
				CLANG_WARN__DUPLICATE_METHOD_MATCH = YES;
				COPY_PHASE_STRIP = NO;
				DEBUG_INFORMATION_FORMAT = dwarf;
				ENABLE_STRICT_OBJC_MSGSEND = YES;
				ENABLE_TESTABILITY = YES;
				ENABLE_USER_SCRIPT_SANDBOXING = NO;
				GCC_C_LANGUAGE_STANDARD = gnu17;
				GCC_DYNAMIC_NO_PIC = NO;
				GCC_NO_COMMON_BLOCKS = YES;
				GCC_OPTIMIZATION_LEVEL = 0;
				GCC_PREPROCESSOR_DEFINITIONS = (
					"DEBUG=1",
					"$(inherited)",
				);
				GCC_WARN_64_TO_32_BIT_CONVERSION = YES;
				GCC_WARN_ABOUT_RETURN_TYPE = YES_ERROR;
				GCC_WARN_UNDECLARED_SELECTOR = YES;
				GCC_WARN_UNINITIALIZED_AUTOS = YES_AGGRESSIVE;
				GCC_WARN_UNUSED_FUNCTION = YES;
				GCC_WARN_UNUSED_VARIABLE = YES;
				IPHONEOS_DEPLOYMENT_TARGET = 15.5;
				LOCALIZATION_PREFERS_STRING_CATALOGS = YES;
				MTL_ENABLE_DEBUG_INFO = INCLUDE_SOURCE;
				MTL_FAST_MATH = YES;
				ONLY_ACTIVE_ARCH = YES;
				SDKROOT = iphoneos;
				SWIFT_ACTIVE_COMPILATION_CONDITIONS = "DEBUG $(inherited)";
				SWIFT_OPTIMIZATION_LEVEL = "-Onone";
				SWIFT_VERSION = 6.0;
			};
			name = Debug;
		};
		9AA8C1432ADCA98200B93E45 /* Release */ = {
			isa = XCBuildConfiguration;
			buildSettings = {
				ALWAYS_SEARCH_USER_PATHS = NO;
				ASSETCATALOG_COMPILER_GENERATE_SWIFT_ASSET_SYMBOL_EXTENSIONS = YES;
				CLANG_ANALYZER_NONNULL = YES;
				CLANG_ANALYZER_NUMBER_OBJECT_CONVERSION = YES_AGGRESSIVE;
				CLANG_CXX_LANGUAGE_STANDARD = "gnu++20";
				CLANG_ENABLE_MODULES = YES;
				CLANG_ENABLE_OBJC_ARC = YES;
				CLANG_ENABLE_OBJC_WEAK = YES;
				CLANG_WARN_BLOCK_CAPTURE_AUTORELEASING = YES;
				CLANG_WARN_BOOL_CONVERSION = YES;
				CLANG_WARN_COMMA = YES;
				CLANG_WARN_CONSTANT_CONVERSION = YES;
				CLANG_WARN_DEPRECATED_OBJC_IMPLEMENTATIONS = YES;
				CLANG_WARN_DIRECT_OBJC_ISA_USAGE = YES_ERROR;
				CLANG_WARN_DOCUMENTATION_COMMENTS = YES;
				CLANG_WARN_EMPTY_BODY = YES;
				CLANG_WARN_ENUM_CONVERSION = YES;
				CLANG_WARN_INFINITE_RECURSION = YES;
				CLANG_WARN_INT_CONVERSION = YES;
				CLANG_WARN_NON_LITERAL_NULL_CONVERSION = YES;
				CLANG_WARN_OBJC_IMPLICIT_RETAIN_SELF = YES;
				CLANG_WARN_OBJC_LITERAL_CONVERSION = YES;
				CLANG_WARN_OBJC_ROOT_CLASS = YES_ERROR;
				CLANG_WARN_QUOTED_INCLUDE_IN_FRAMEWORK_HEADER = YES;
				CLANG_WARN_RANGE_LOOP_ANALYSIS = YES;
				CLANG_WARN_STRICT_PROTOTYPES = YES;
				CLANG_WARN_SUSPICIOUS_MOVE = YES;
				CLANG_WARN_UNGUARDED_AVAILABILITY = YES_AGGRESSIVE;
				CLANG_WARN_UNREACHABLE_CODE = YES;
				CLANG_WARN__DUPLICATE_METHOD_MATCH = YES;
				COPY_PHASE_STRIP = NO;
				DEBUG_INFORMATION_FORMAT = "dwarf-with-dsym";
				ENABLE_NS_ASSERTIONS = NO;
				ENABLE_STRICT_OBJC_MSGSEND = YES;
				ENABLE_USER_SCRIPT_SANDBOXING = NO;
				GCC_C_LANGUAGE_STANDARD = gnu17;
				GCC_NO_COMMON_BLOCKS = YES;
				GCC_WARN_64_TO_32_BIT_CONVERSION = YES;
				GCC_WARN_ABOUT_RETURN_TYPE = YES_ERROR;
				GCC_WARN_UNDECLARED_SELECTOR = YES;
				GCC_WARN_UNINITIALIZED_AUTOS = YES_AGGRESSIVE;
				GCC_WARN_UNUSED_FUNCTION = YES;
				GCC_WARN_UNUSED_VARIABLE = YES;
				IPHONEOS_DEPLOYMENT_TARGET = 15.5;
				LOCALIZATION_PREFERS_STRING_CATALOGS = YES;
				MTL_ENABLE_DEBUG_INFO = NO;
				MTL_FAST_MATH = YES;
				SDKROOT = iphoneos;
				SWIFT_COMPILATION_MODE = wholemodule;
				SWIFT_VERSION = 6.0;
				VALIDATE_PRODUCT = YES;
			};
			name = Release;
		};
		9AA8C1452ADCA98200B93E45 /* Debug */ = {
			isa = XCBuildConfiguration;
			buildSettings = {
				ASSETCATALOG_COMPILER_APPICON_NAME = AppIcon;
				ASSETCATALOG_COMPILER_GLOBAL_ACCENT_COLOR_NAME = AccentColor;
				CODE_SIGN_IDENTITY = "Apple Development";
				"CODE_SIGN_IDENTITY[sdk=iphoneos*]" = "iPhone Developer";
				CODE_SIGN_STYLE = Manual;
				CURRENT_PROJECT_VERSION = 12;
				DEVELOPMENT_ASSET_PATHS = "\"dns-inspector/Preview Content\"";
				DEVELOPMENT_TEAM = "";
				"DEVELOPMENT_TEAM[sdk=iphoneos*]" = WCW84NC7Y8;
				ENABLE_PREVIEWS = YES;
				GENERATE_INFOPLIST_FILE = YES;
				INFOPLIST_FILE = "DNS-Inspector/Info.plist";
				INFOPLIST_KEY_CFBundleDisplayName = "DNS Inspector";
				INFOPLIST_KEY_LSApplicationCategoryType = "public.app-category.utilities";
				INFOPLIST_KEY_UIApplicationSceneManifest_Generation = YES;
				INFOPLIST_KEY_UIApplicationSupportsIndirectInputEvents = YES;
				INFOPLIST_KEY_UILaunchScreen_Generation = YES;
				INFOPLIST_KEY_UISupportedInterfaceOrientations_iPad = "UIInterfaceOrientationPortrait UIInterfaceOrientationPortraitUpsideDown UIInterfaceOrientationLandscapeLeft UIInterfaceOrientationLandscapeRight";
				INFOPLIST_KEY_UISupportedInterfaceOrientations_iPhone = "UIInterfaceOrientationPortrait UIInterfaceOrientationLandscapeLeft UIInterfaceOrientationLandscapeRight";
				IPHONEOS_DEPLOYMENT_TARGET = 15.5;
				LD_RUNPATH_SEARCH_PATHS = (
					"$(inherited)",
					"@executable_path/Frameworks",
				);
				MACOSX_DEPLOYMENT_TARGET = 13.5;
				MARKETING_VERSION = 1.2.2;
				PRODUCT_BUNDLE_IDENTIFIER = "io.ecn.dns-inspector";
				PRODUCT_NAME = "$(TARGET_NAME)";
				PROVISIONING_PROFILE_SPECIFIER = "";
				"PROVISIONING_PROFILE_SPECIFIER[sdk=iphoneos*]" = "DNS Inspector (Development)";
				SUPPORTED_PLATFORMS = "iphoneos iphonesimulator";
				SUPPORTS_MACCATALYST = NO;
				SUPPORTS_MAC_DESIGNED_FOR_IPHONE_IPAD = YES;
				SUPPORTS_XR_DESIGNED_FOR_IPHONE_IPAD = NO;
				SWIFT_EMIT_LOC_STRINGS = YES;
				TARGETED_DEVICE_FAMILY = "1,2";
			};
			name = Debug;
		};
		9AA8C1462ADCA98200B93E45 /* Release */ = {
			isa = XCBuildConfiguration;
			buildSettings = {
				ASSETCATALOG_COMPILER_APPICON_NAME = AppIcon;
				ASSETCATALOG_COMPILER_GLOBAL_ACCENT_COLOR_NAME = AccentColor;
				CODE_SIGN_IDENTITY = "Apple Development";
				"CODE_SIGN_IDENTITY[sdk=iphoneos*]" = "iPhone Distribution";
				CODE_SIGN_STYLE = Manual;
				CURRENT_PROJECT_VERSION = 12;
				DEVELOPMENT_ASSET_PATHS = "\"dns-inspector/Preview Content\"";
				DEVELOPMENT_TEAM = "";
				"DEVELOPMENT_TEAM[sdk=iphoneos*]" = WCW84NC7Y8;
				ENABLE_PREVIEWS = YES;
				GENERATE_INFOPLIST_FILE = YES;
				INFOPLIST_FILE = "DNS-Inspector/Info.plist";
				INFOPLIST_KEY_CFBundleDisplayName = "DNS Inspector";
				INFOPLIST_KEY_LSApplicationCategoryType = "public.app-category.utilities";
				INFOPLIST_KEY_UIApplicationSceneManifest_Generation = YES;
				INFOPLIST_KEY_UIApplicationSupportsIndirectInputEvents = YES;
				INFOPLIST_KEY_UILaunchScreen_Generation = YES;
				INFOPLIST_KEY_UISupportedInterfaceOrientations_iPad = "UIInterfaceOrientationPortrait UIInterfaceOrientationPortraitUpsideDown UIInterfaceOrientationLandscapeLeft UIInterfaceOrientationLandscapeRight";
				INFOPLIST_KEY_UISupportedInterfaceOrientations_iPhone = "UIInterfaceOrientationPortrait UIInterfaceOrientationLandscapeLeft UIInterfaceOrientationLandscapeRight";
				IPHONEOS_DEPLOYMENT_TARGET = 15.5;
				LD_RUNPATH_SEARCH_PATHS = (
					"$(inherited)",
					"@executable_path/Frameworks",
				);
				MACOSX_DEPLOYMENT_TARGET = 13.5;
				MARKETING_VERSION = 1.2.2;
				PRODUCT_BUNDLE_IDENTIFIER = "io.ecn.dns-inspector";
				PRODUCT_NAME = "$(TARGET_NAME)";
				PROVISIONING_PROFILE_SPECIFIER = "";
				"PROVISIONING_PROFILE_SPECIFIER[sdk=iphoneos*]" = "DNS Inspector (Distribution)";
				SUPPORTED_PLATFORMS = "iphoneos iphonesimulator";
				SUPPORTS_MACCATALYST = NO;
				SUPPORTS_MAC_DESIGNED_FOR_IPHONE_IPAD = YES;
				SUPPORTS_XR_DESIGNED_FOR_IPHONE_IPAD = NO;
				SWIFT_EMIT_LOC_STRINGS = YES;
				TARGETED_DEVICE_FAMILY = "1,2";
			};
			name = Release;
		};
/* End XCBuildConfiguration section */

/* Begin XCConfigurationList section */
		9AA8C1312ADCA98000B93E45 /* Build configuration list for PBXProject "dns-inspector" */ = {
			isa = XCConfigurationList;
			buildConfigurations = (
				9AA8C1422ADCA98200B93E45 /* Debug */,
				9AA8C1432ADCA98200B93E45 /* Release */,
			);
			defaultConfigurationIsVisible = 0;
			defaultConfigurationName = Release;
		};
		9AA8C1442ADCA98200B93E45 /* Build configuration list for PBXNativeTarget "DNS Inspector" */ = {
			isa = XCConfigurationList;
			buildConfigurations = (
				9AA8C1452ADCA98200B93E45 /* Debug */,
				9AA8C1462ADCA98200B93E45 /* Release */,
			);
			defaultConfigurationIsVisible = 0;
			defaultConfigurationName = Release;
		};
/* End XCConfigurationList section */

/* Begin XCRemoteSwiftPackageReference section */
		3CE7E44B2C4C2AD0001E71FC /* XCRemoteSwiftPackageReference "dnskit" */ = {
			isa = XCRemoteSwiftPackageReference;
			repositoryURL = "https://github.com/dns-inspector/dnskit";
			requirement = {
				kind = revision;
				revision = f4d8c5370c80460a9cea0e615e47de37ee519e77;
			};
		};
/* End XCRemoteSwiftPackageReference section */

/* Begin XCSwiftPackageProductDependency section */
		3CE7E44C2C4C2AD0001E71FC /* DNSKit */ = {
			isa = XCSwiftPackageProductDependency;
			package = 3CE7E44B2C4C2AD0001E71FC /* XCRemoteSwiftPackageReference "dnskit" */;
			productName = DNSKit;
		};
/* End XCSwiftPackageProductDependency section */
	};
	rootObject = 9AA8C12E2ADCA98000B93E45 /* Project object */;
}
